%{
  "mime": {:hex, :mime, "1.5.0", "203ef35ef3389aae6d361918bf3f952fa17a09e8e43b5aa592b93eba05d0fb8d", [:mix], [], "hexpm", "55a94c0f552249fc1a3dd9cd2d3ab9de9d3c89b559c2bd01121f824834f24746"},
  "poison": {:hex, :poison, "3.1.0", "d9eb636610e096f86f25d9a46f35a9facac35609a7591b3be3326e99a0484665", [:mix], [], "hexpm", "fec8660eb7733ee4117b85f55799fd3833eb769a6df71ccf8903e8dc5447cfce"},
  "tesla": {:hex, :tesla, "0.10.0", "e588c7e7f1c0866c81eeed5c38f02a4a94d6309eede336c1e6ca08b0a95abd3f", [:mix], [{:exjsx, ">= 0.1.0", [hex: :exjsx, repo: "hexpm", optional: true]}, {:fuse, "~> 2.4", [hex: :fuse, repo: "hexpm", optional: true]}, {:hackney, "~> 1.6", [hex: :hackney, repo: "hexpm", optional: true]}, {:ibrowse, "~> 4.2", [hex: :ibrowse, repo: "hexpm", optional: true]}, {:mime, "~> 1.0", [hex: :mime, repo: "hexpm", optional: false]}, {:poison, ">= 1.0.0", [hex: :poison, repo: "hexpm", optional: true]}], "hexpm", "bb10f37d124e2a04950e1642437fc30368cd992bd7370b38eeb3af1ebf1c2029"},
  "yamerl": {:hex, :yamerl, "0.8.0", "8214cfe16bbabe5d1d6c14a14aea11c784b9a21903dd6a7c74f8ce180adae5c7", [:rebar3], [], "hexpm", "010634477bf9c208a0767dcca89116c2442cf0b5e87f9c870f85cd1c3e0c2aab"},
  "yaml_elixir": {:hex, :yaml_elixir, "2.5.0", "45de762be6d75fa5a8b5f44ddff8c30f64c26526eab5b1d72e36d616007b7796", [:mix], [{:yamerl, "~> 0.7", [hex: :yamerl, repo: "hexpm", optional: false]}], "hexpm", "80fe4e43f05582f2a90f2dcd73fc6171fbd65f2e6836f71fe4ce2154ef358c36"},
}
